
Microsoft Visual Studio Solution File, Format Version 12.00
# Visual Studio 15
VisualStudioVersion = 15.0.28307.757
MinimumVisualStudioVersion = 10.0.40219.1
Project("{2150E333-8FDC-42A3-9474-1A3956D46DE8}") = "1.UserInterface", "1.UserInterface", "{7E3B73FD-FA47-4B39-85F7-E244736C29EC}"
EndProject
Project("{2150E333-8FDC-42A3-9474-1A3956D46DE8}") = "2.Application", "2.Application", "{3A79A16B-1574-461F-81A1-2C3A3A92E123}"
EndProject
Project("{2150E333-8FDC-42A3-9474-1A3956D46DE8}") = "3.Domain", "3.Domain", "{255E2117-A884-4561-87EA-77374557CC80}"
EndProject
Project("{2150E333-8FDC-42A3-9474-1A3956D46DE8}") = "4.Infrastructure", "4.Infrastructure", "{1E0CD4D5-B72F-4C57-A9BE-AF684CA425B1}"
EndProject
Project("{FAE04EC0-301F-11D3-BF4B-00C04F79EFBC}") = "UI.Desktop", "UI.Desktop\UI.Desktop.csproj", "{4B5A4304-82A7-4C13-9D85-BF5B2800456A}"
EndProject
Project("{FAE04EC0-301F-11D3-BF4B-00C04F79EFBC}") = "Aplication", "Aplication\Aplication.csproj", "{475560F6-2B17-468A-B850-0DE9C03ACA41}"
EndProject
Project("{FAE04EC0-301F-11D3-BF4B-00C04F79EFBC}") = "Aplication.DTO", "Aplication.DTO\Aplication.DTO.csproj", "{CEFD915A-7B19-4215-8A58-6837ABDCC2E1}"
EndProject
Project("{FAE04EC0-301F-11D3-BF4B-00C04F79EFBC}") = "Domain.Model", "Domain.Model\Domain.Model.csproj", "{9CBD9E08-D5D5-40C3-8438-9ED3F2FC827A}"
EndProject
Project("{FAE04EC0-301F-11D3-BF4B-00C04F79EFBC}") = "Domain.Services", "Domain.Services\Domain.Services.csproj", "{0072F692-2D4F-49DB-862F-4DE7006AA3F7}"
EndProject
Project("{FAE04EC0-301F-11D3-BF4B-00C04F79EFBC}") = "Infra.DataAccess", "Infra.DataAccess\Infra.DataAccess.csproj", "{120026EE-79A8-4945-B856-B6BA7593F594}"
EndProject
Project("{FAE04EC0-301F-11D3-BF4B-00C04F79EFBC}") = "Infra.EmailService", "Infra.EmailService\Infra.EmailService.csproj", "{37080B27-7EF6-4B05-9127-EA8D154C9E7D}"
EndProject
Project("{FAE04EC0-301F-11D3-BF4B-00C04F79EFBC}") = "Infra.ExternalServices", "Infra.ExternalServices\Infra.ExternalServices.csproj", "{EEDD81F9-C138-454F-9328-4456817AF35C}"
EndProject
Project("{FAE04EC0-301F-11D3-BF4B-00C04F79EFBC}") = "Infra.CrossCutting", "Infra.CrossCutting\Infra.CrossCutting.csproj", "{ABD71817-5D1E-48F8-AC29-0FAA99D728DE}"
EndProject
Global
	GlobalSection(SolutionConfigurationPlatforms) = preSolution
		Debug|Any CPU = Debug|Any CPU
		Release|Any CPU = Release|Any CPU
	EndGlobalSection
	GlobalSection(ProjectConfigurationPlatforms) = postSolution
		{4B5A4304-82A7-4C13-9D85-BF5B2800456A}.Debug|Any CPU.ActiveCfg = Debug|Any CPU
		{4B5A4304-82A7-4C13-9D85-BF5B2800456A}.Debug|Any CPU.Build.0 = Debug|Any CPU
		{4B5A4304-82A7-4C13-9D85-BF5B2800456A}.Release|Any CPU.ActiveCfg = Release|Any CPU
		{4B5A4304-82A7-4C13-9D85-BF5B2800456A}.Release|Any CPU.Build.0 = Release|Any CPU
		{475560F6-2B17-468A-B850-0DE9C03ACA41}.Debug|Any CPU.ActiveCfg = Debug|Any CPU
		{475560F6-2B17-468A-B850-0DE9C03ACA41}.Debug|Any CPU.Build.0 = Debug|Any CPU
		{475560F6-2B17-468A-B850-0DE9C03ACA41}.Release|Any CPU.ActiveCfg = Release|Any CPU
		{475560F6-2B17-468A-B850-0DE9C03ACA41}.Release|Any CPU.Build.0 = Release|Any CPU
		{CEFD915A-7B19-4215-8A58-6837ABDCC2E1}.Debug|Any CPU.ActiveCfg = Debug|Any CPU
		{CEFD915A-7B19-4215-8A58-6837ABDCC2E1}.Debug|Any CPU.Build.0 = Debug|Any CPU
		{CEFD915A-7B19-4215-8A58-6837ABDCC2E1}.Release|Any CPU.ActiveCfg = Release|Any CPU
		{CEFD915A-7B19-4215-8A58-6837ABDCC2E1}.Release|Any CPU.Build.0 = Release|Any CPU
		{9CBD9E08-D5D5-40C3-8438-9ED3F2FC827A}.Debug|Any CPU.ActiveCfg = Debug|Any CPU
		{9CBD9E08-D5D5-40C3-8438-9ED3F2FC827A}.Debug|Any CPU.Build.0 = Debug|Any CPU
		{9CBD9E08-D5D5-40C3-8438-9ED3F2FC827A}.Release|Any CPU.ActiveCfg = Release|Any CPU
		{9CBD9E08-D5D5-40C3-8438-9ED3F2FC827A}.Release|Any CPU.Build.0 = Release|Any CPU
		{0072F692-2D4F-49DB-862F-4DE7006AA3F7}.Debug|Any CPU.ActiveCfg = Debug|Any CPU
		{0072F692-2D4F-49DB-862F-4DE7006AA3F7}.Debug|Any CPU.Build.0 = Debug|Any CPU
		{0072F692-2D4F-49DB-862F-4DE7006AA3F7}.Release|Any CPU.ActiveCfg = Release|Any CPU
		{0072F692-2D4F-49DB-862F-4DE7006AA3F7}.Release|Any CPU.Build.0 = Release|Any CPU
		{120026EE-79A8-4945-B856-B6BA7593F594}.Debug|Any CPU.ActiveCfg = Debug|Any CPU
		{120026EE-79A8-4945-B856-B6BA7593F594}.Debug|Any CPU.Build.0 = Debug|Any CPU
		{120026EE-79A8-4945-B856-B6BA7593F594}.Release|Any CPU.ActiveCfg = Release|Any CPU
		{120026EE-79A8-4945-B856-B6BA7593F594}.Release|Any CPU.Build.0 = Release|Any CPU
		{37080B27-7EF6-4B05-9127-EA8D154C9E7D}.Debug|Any CPU.ActiveCfg = Debug|Any CPU
		{37080B27-7EF6-4B05-9127-EA8D154C9E7D}.Debug|Any CPU.Build.0 = Debug|Any CPU
		{37080B27-7EF6-4B05-9127-EA8D154C9E7D}.Release|Any CPU.ActiveCfg = Release|Any CPU
		{37080B27-7EF6-4B05-9127-EA8D154C9E7D}.Release|Any CPU.Build.0 = Release|Any CPU
		{EEDD81F9-C138-454F-9328-4456817AF35C}.Debug|Any CPU.ActiveCfg = Debug|Any CPU
		{EEDD81F9-C138-454F-9328-4456817AF35C}.Debug|Any CPU.Build.0 = Debug|Any CPU
		{EEDD81F9-C138-454F-9328-4456817AF35C}.Release|Any CPU.ActiveCfg = Release|Any CPU
		{EEDD81F9-C138-454F-9328-4456817AF35C}.Release|Any CPU.Build.0 = Release|Any CPU
		{ABD71817-5D1E-48F8-AC29-0FAA99D728DE}.Debug|Any CPU.ActiveCfg = Debug|Any CPU
		{ABD71817-5D1E-48F8-AC29-0FAA99D728DE}.Debug|Any CPU.Build.0 = Debug|Any CPU
		{ABD71817-5D1E-48F8-AC29-0FAA99D728DE}.Release|Any CPU.ActiveCfg = Release|Any CPU
		{ABD71817-5D1E-48F8-AC29-0FAA99D728DE}.Release|Any CPU.Build.0 = Release|Any CPU
	EndGlobalSection
	GlobalSection(SolutionProperties) = preSolution
		HideSolutionNode = FALSE
	EndGlobalSection
	GlobalSection(NestedProjects) = preSolution
		{4B5A4304-82A7-4C13-9D85-BF5B2800456A} = {7E3B73FD-FA47-4B39-85F7-E244736C29EC}
		{475560F6-2B17-468A-B850-0DE9C03ACA41} = {3A79A16B-1574-461F-81A1-2C3A3A92E123}
		{CEFD915A-7B19-4215-8A58-6837ABDCC2E1} = {3A79A16B-1574-461F-81A1-2C3A3A92E123}
		{9CBD9E08-D5D5-40C3-8438-9ED3F2FC827A} = {255E2117-A884-4561-87EA-77374557CC80}
		{0072F692-2D4F-49DB-862F-4DE7006AA3F7} = {255E2117-A884-4561-87EA-77374557CC80}
		{120026EE-79A8-4945-B856-B6BA7593F594} = {1E0CD4D5-B72F-4C57-A9BE-AF684CA425B1}
		{37080B27-7EF6-4B05-9127-EA8D154C9E7D} = {1E0CD4D5-B72F-4C57-A9BE-AF684CA425B1}
		{EEDD81F9-C138-454F-9328-4456817AF35C} = {1E0CD4D5-B72F-4C57-A9BE-AF684CA425B1}
		{ABD71817-5D1E-48F8-AC29-0FAA99D728DE} = {1E0CD4D5-B72F-4C57-A9BE-AF684CA425B1}
	EndGlobalSection
	GlobalSection(ExtensibilityGlobals) = postSolution
		SolutionGuid = {C9FDF359-6A8E-482B-93B6-49DED2D95440}
	EndGlobalSection
EndGlobal
